
Microsoft Visual Studio Solution File, Format Version 12.00
# Visual Studio Version 16
VisualStudioVersion = 16.0.29911.84
MinimumVisualStudioVersion = 10.0.40219.1
Project("{FAE04EC0-301F-11D3-BF4B-00C04F79EFBC}") = "XnetStreamInOutTest", "NiXnetDotNet\XnetStreamInOutTest\XnetStreamInOutTest.csproj", "{88929892-ADD4-4C94-A7AC-5E431969E023}"
EndProject
Project("{FAE04EC0-301F-11D3-BF4B-00C04F79EFBC}") = "NiXnetTestApp", "NiXnetDotNet\NiXnetTestApp\NiXnetTestApp.csproj", "{756C8728-50AA-499D-9ADF-79DEA37457CB}"
EndProject
Project("{FAE04EC0-301F-11D3-BF4B-00C04F79EFBC}") = "MALT200817.Service", "MALT200817.Service\MALT200817.Service.csproj", "{2418C00F-B52F-4C15-846F-0512E1677944}"
EndProject
Project("{930C7802-8A8C-48F9-8165-68863BCCD9DD}") = "MALT200817.Setup", "MALT200817.Setup\MALT200817.Setup.wixproj", "{F75C97A7-9C9A-4AB5-BB26-011664440F96}"
	ProjectSection(ProjectDependencies) = postProject
		{E2442901-EEB6-44AF-934F-B64DF96FAEBD} = {E2442901-EEB6-44AF-934F-B64DF96FAEBD}
		{2418C00F-B52F-4C15-846F-0512E1677944} = {2418C00F-B52F-4C15-846F-0512E1677944}
		{0E36A826-7715-4845-BD9C-ABF394BD6679} = {0E36A826-7715-4845-BD9C-ABF394BD6679}
		{D7F5CB4D-D9DA-4B17-8661-771A9A005FD8} = {D7F5CB4D-D9DA-4B17-8661-771A9A005FD8}
		{49BAF06B-D79A-422C-90AD-F0D065114B6E} = {49BAF06B-D79A-422C-90AD-F0D065114B6E}
		{B4BC807B-7D87-4DCB-ABC0-3A34EDE3825A} = {B4BC807B-7D87-4DCB-ABC0-3A34EDE3825A}
		{769E7CB4-9B0C-484A-A993-01BC933F7CBE} = {769E7CB4-9B0C-484A-A993-01BC933F7CBE}
	EndProjectSection
EndProject
Project("{FAE04EC0-301F-11D3-BF4B-00C04F79EFBC}") = "MALT200817.Explorer", "MALT200817.Explorer\MALT200817.Explorer.csproj", "{49BAF06B-D79A-422C-90AD-F0D065114B6E}"
EndProject
Project("{8BC9CEB8-8B4A-11D0-8D11-00A0C91BC942}") = "NiXnetDotNet", "NiXnetDotNet\NiXnetDotNet\NiXnetDotNet.vcxproj", "{769E7CB4-9B0C-484A-A993-01BC933F7CBE}"
EndProject
Project("{FAE04EC0-301F-11D3-BF4B-00C04F79EFBC}") = "MALT200817.Explorer.UnitTests", "MALT200817.ExplorerTests\MALT200817.Explorer.UnitTests.csproj", "{4FFD714B-E58A-425E-AAF9-89E5AFCCE4F7}"
EndProject
Project("{FAE04EC0-301F-11D3-BF4B-00C04F79EFBC}") = "MALT200817.ServiceTests", "MALT200817.ServiceTests\MALT200817.ServiceTests.csproj", "{7B2B73D7-168F-4A63-9D91-54F5E576F594}"
EndProject
Project("{FAE04EC0-301F-11D3-BF4B-00C04F79EFBC}") = "MALT200817.Configuration", "MALT200817.Configuration\MALT200817.Configuration.csproj", "{0E36A826-7715-4845-BD9C-ABF394BD6679}"
EndProject
Project("{FAE04EC0-301F-11D3-BF4B-00C04F79EFBC}") = "MALT200817.Library", "MALT200817.Library\MALT200817.Library.csproj", "{B4BC807B-7D87-4DCB-ABC0-3A34EDE3825A}"
EndProject
Project("{2150E333-8FDC-42A3-9474-1A3956D46DE8}") = "Solution Items", "Solution Items", "{3FBD7038-C293-4D57-B4C5-2CE2D2F54600}"
	ProjectSection(SolutionItems) = preProject
		GlobalAssemblyInfo.cs = GlobalAssemblyInfo.cs
	EndProjectSection
EndProject
Project("{FAE04EC0-301F-11D3-BF4B-00C04F79EFBC}") = "Konvolucio.MUDS150628", "Konvolucio.MUDS150628\Konvolucio.MUDS150628.csproj", "{13FE0BB4-C86B-433C-ADEC-40082AC3424F}"
EndProject
Project("{FAE04EC0-301F-11D3-BF4B-00C04F79EFBC}") = "MALT200817.DFU", "MALT200817.DFU\MALT200817.DFU.csproj", "{E2442901-EEB6-44AF-934F-B64DF96FAEBD}"
EndProject
Project("{FAE04EC0-301F-11D3-BF4B-00C04F79EFBC}") = "Konvolucio.MUDS150628.UnitTests", "Konvolucio.MUDS150628.UnitTests\Konvolucio.MUDS150628.UnitTests.csproj", "{E8266244-459D-4218-9C2C-454EA4BDABFA}"
EndProject
Project("{FAE04EC0-301F-11D3-BF4B-00C04F79EFBC}") = "MALT200817.Library.UnitTest", "MALT200817.SW.Library.UnitTest\MALT200817.Library.UnitTest.csproj", "{9A0445FE-E59D-4CBB-BFFE-52990F2E328A}"
EndProject
Project("{FAE04EC0-301F-11D3-BF4B-00C04F79EFBC}") = "MALT200817.Checklist", "MALT200817.CheckList\MALT200817.Checklist.csproj", "{D7F5CB4D-D9DA-4B17-8661-771A9A005FD8}"
EndProject
Project("{FAE04EC0-301F-11D3-BF4B-00C04F79EFBC}") = "MALT200817.Manual", "MALT200817.Manual\MALT200817.Manual.csproj", "{C72E587A-3D3F-4DF3-9B2C-CEE2620185F6}"
EndProject
Project("{930C7802-8A8C-48F9-8165-68863BCCD9DD}") = "MALT200817.Manual.Setup", "Manual.Setup\MALT200817.Manual.Setup.wixproj", "{239C6C13-A26B-46B5-8DF2-3C4D4D0CA15D}"
EndProject
Project("{FAE04EC0-301F-11D3-BF4B-00C04F79EFBC}") = "WindowsFormsApp1", "WindowsFormsApp1\WindowsFormsApp1.csproj", "{65A2420D-351F-4555-9F89-94059164DE2D}"
EndProject
Project("{FAE04EC0-301F-11D3-BF4B-00C04F79EFBC}") = "MALT200817.Manual.Open", "MALT200817.Manual.Open\MALT200817.Manual.Open.csproj", "{51FAB82B-AEDC-42A4-B9FB-04BFE5ADB22D}"
EndProject
Global
	GlobalSection(SolutionConfigurationPlatforms) = preSolution
		Debug|Any CPU = Debug|Any CPU
		Debug|x64 = Debug|x64
		Debug|x86 = Debug|x86
		Release|Any CPU = Release|Any CPU
		Release|x64 = Release|x64
		Release|x86 = Release|x86
	EndGlobalSection
	GlobalSection(ProjectConfigurationPlatforms) = postSolution
		{88929892-ADD4-4C94-A7AC-5E431969E023}.Debug|Any CPU.ActiveCfg = Debug|Any CPU
		{88929892-ADD4-4C94-A7AC-5E431969E023}.Debug|Any CPU.Build.0 = Debug|Any CPU
		{88929892-ADD4-4C94-A7AC-5E431969E023}.Debug|x64.ActiveCfg = Debug|Any CPU
		{88929892-ADD4-4C94-A7AC-5E431969E023}.Debug|x64.Build.0 = Debug|Any CPU
		{88929892-ADD4-4C94-A7AC-5E431969E023}.Debug|x86.ActiveCfg = Debug|x86
		{88929892-ADD4-4C94-A7AC-5E431969E023}.Release|Any CPU.ActiveCfg = Release|Any CPU
		{88929892-ADD4-4C94-A7AC-5E431969E023}.Release|Any CPU.Build.0 = Release|Any CPU
		{88929892-ADD4-4C94-A7AC-5E431969E023}.Release|x64.ActiveCfg = Release|Any CPU
		{88929892-ADD4-4C94-A7AC-5E431969E023}.Release|x64.Build.0 = Release|Any CPU
		{88929892-ADD4-4C94-A7AC-5E431969E023}.Release|x86.ActiveCfg = Release|x86
		{756C8728-50AA-499D-9ADF-79DEA37457CB}.Debug|Any CPU.ActiveCfg = Debug|Any CPU
		{756C8728-50AA-499D-9ADF-79DEA37457CB}.Debug|Any CPU.Build.0 = Debug|Any CPU
		{756C8728-50AA-499D-9ADF-79DEA37457CB}.Debug|x64.ActiveCfg = Debug|Any CPU
		{756C8728-50AA-499D-9ADF-79DEA37457CB}.Debug|x64.Build.0 = Debug|Any CPU
		{756C8728-50AA-499D-9ADF-79DEA37457CB}.Debug|x86.ActiveCfg = Debug|Any CPU
		{756C8728-50AA-499D-9ADF-79DEA37457CB}.Debug|x86.Build.0 = Debug|Any CPU
		{756C8728-50AA-499D-9ADF-79DEA37457CB}.Release|Any CPU.ActiveCfg = Release|Any CPU
		{756C8728-50AA-499D-9ADF-79DEA37457CB}.Release|Any CPU.Build.0 = Release|Any CPU
		{756C8728-50AA-499D-9ADF-79DEA37457CB}.Release|x64.ActiveCfg = Release|Any CPU
		{756C8728-50AA-499D-9ADF-79DEA37457CB}.Release|x64.Build.0 = Release|Any CPU
		{756C8728-50AA-499D-9ADF-79DEA37457CB}.Release|x86.ActiveCfg = Release|Any CPU
		{2418C00F-B52F-4C15-846F-0512E1677944}.Debug|Any CPU.ActiveCfg = Debug|Any CPU
		{2418C00F-B52F-4C15-846F-0512E1677944}.Debug|Any CPU.Build.0 = Debug|Any CPU
		{2418C00F-B52F-4C15-846F-0512E1677944}.Debug|x64.ActiveCfg = Debug|Any CPU
		{2418C00F-B52F-4C15-846F-0512E1677944}.Debug|x64.Build.0 = Debug|Any CPU
		{2418C00F-B52F-4C15-846F-0512E1677944}.Debug|x86.ActiveCfg = Debug|x86
		{2418C00F-B52F-4C15-846F-0512E1677944}.Debug|x86.Build.0 = Debug|x86
		{2418C00F-B52F-4C15-846F-0512E1677944}.Release|Any CPU.ActiveCfg = Release|Any CPU
		{2418C00F-B52F-4C15-846F-0512E1677944}.Release|Any CPU.Build.0 = Release|Any CPU
		{2418C00F-B52F-4C15-846F-0512E1677944}.Release|x64.ActiveCfg = Release|Any CPU
		{2418C00F-B52F-4C15-846F-0512E1677944}.Release|x64.Build.0 = Release|Any CPU
		{2418C00F-B52F-4C15-846F-0512E1677944}.Release|x86.ActiveCfg = Release|x86
		{2418C00F-B52F-4C15-846F-0512E1677944}.Release|x86.Build.0 = Release|x86
		{F75C97A7-9C9A-4AB5-BB26-011664440F96}.Debug|Any CPU.ActiveCfg = Debug|x86
		{F75C97A7-9C9A-4AB5-BB26-011664440F96}.Debug|x64.ActiveCfg = Debug|x86
		{F75C97A7-9C9A-4AB5-BB26-011664440F96}.Debug|x86.ActiveCfg = Debug|x86
		{F75C97A7-9C9A-4AB5-BB26-011664440F96}.Debug|x86.Build.0 = Debug|x86
		{F75C97A7-9C9A-4AB5-BB26-011664440F96}.Release|Any CPU.ActiveCfg = Release|x86
		{F75C97A7-9C9A-4AB5-BB26-011664440F96}.Release|x64.ActiveCfg = Release|x86
		{F75C97A7-9C9A-4AB5-BB26-011664440F96}.Release|x86.ActiveCfg = Release|x86
		{F75C97A7-9C9A-4AB5-BB26-011664440F96}.Release|x86.Build.0 = Release|x86
		{49BAF06B-D79A-422C-90AD-F0D065114B6E}.Debug|Any CPU.ActiveCfg = Debug|Any CPU
		{49BAF06B-D79A-422C-90AD-F0D065114B6E}.Debug|Any CPU.Build.0 = Debug|Any CPU
		{49BAF06B-D79A-422C-90AD-F0D065114B6E}.Debug|x64.ActiveCfg = Debug|Any CPU
		{49BAF06B-D79A-422C-90AD-F0D065114B6E}.Debug|x64.Build.0 = Debug|Any CPU
		{49BAF06B-D79A-422C-90AD-F0D065114B6E}.Debug|x86.ActiveCfg = Debug|x86
		{49BAF06B-D79A-422C-90AD-F0D065114B6E}.Debug|x86.Build.0 = Debug|x86
		{49BAF06B-D79A-422C-90AD-F0D065114B6E}.Release|Any CPU.ActiveCfg = Release|Any CPU
		{49BAF06B-D79A-422C-90AD-F0D065114B6E}.Release|Any CPU.Build.0 = Release|Any CPU
		{49BAF06B-D79A-422C-90AD-F0D065114B6E}.Release|x64.ActiveCfg = Release|Any CPU
		{49BAF06B-D79A-422C-90AD-F0D065114B6E}.Release|x64.Build.0 = Release|Any CPU
		{49BAF06B-D79A-422C-90AD-F0D065114B6E}.Release|x86.ActiveCfg = Release|Any CPU
		{49BAF06B-D79A-422C-90AD-F0D065114B6E}.Release|x86.Build.0 = Release|Any CPU
		{769E7CB4-9B0C-484A-A993-01BC933F7CBE}.Debug|Any CPU.ActiveCfg = Debug|Win32
		{769E7CB4-9B0C-484A-A993-01BC933F7CBE}.Debug|x64.ActiveCfg = Debug|Win32
		{769E7CB4-9B0C-484A-A993-01BC933F7CBE}.Debug|x86.ActiveCfg = Debug|Win32
		{769E7CB4-9B0C-484A-A993-01BC933F7CBE}.Debug|x86.Build.0 = Debug|Win32
		{769E7CB4-9B0C-484A-A993-01BC933F7CBE}.Release|Any CPU.ActiveCfg = Release|Win32
		{769E7CB4-9B0C-484A-A993-01BC933F7CBE}.Release|x64.ActiveCfg = Release|Win32
		{769E7CB4-9B0C-484A-A993-01BC933F7CBE}.Release|x86.ActiveCfg = Release|Win32
		{769E7CB4-9B0C-484A-A993-01BC933F7CBE}.Release|x86.Build.0 = Release|Win32
		{4FFD714B-E58A-425E-AAF9-89E5AFCCE4F7}.Debug|Any CPU.ActiveCfg = Debug|Any CPU
		{4FFD714B-E58A-425E-AAF9-89E5AFCCE4F7}.Debug|Any CPU.Build.0 = Debug|Any CPU
		{4FFD714B-E58A-425E-AAF9-89E5AFCCE4F7}.Debug|x64.ActiveCfg = Debug|Any CPU
		{4FFD714B-E58A-425E-AAF9-89E5AFCCE4F7}.Debug|x64.Build.0 = Debug|Any CPU
		{4FFD714B-E58A-425E-AAF9-89E5AFCCE4F7}.Debug|x86.ActiveCfg = Debug|x86
		{4FFD714B-E58A-425E-AAF9-89E5AFCCE4F7}.Debug|x86.Build.0 = Debug|x86
		{4FFD714B-E58A-425E-AAF9-89E5AFCCE4F7}.Release|Any CPU.ActiveCfg = Release|Any CPU
		{4FFD714B-E58A-425E-AAF9-89E5AFCCE4F7}.Release|Any CPU.Build.0 = Release|Any CPU
		{4FFD714B-E58A-425E-AAF9-89E5AFCCE4F7}.Release|x64.ActiveCfg = Release|Any CPU
		{4FFD714B-E58A-425E-AAF9-89E5AFCCE4F7}.Release|x64.Build.0 = Release|Any CPU
		{4FFD714B-E58A-425E-AAF9-89E5AFCCE4F7}.Release|x86.ActiveCfg = Release|Any CPU
		{7B2B73D7-168F-4A63-9D91-54F5E576F594}.Debug|Any CPU.ActiveCfg = Debug|Any CPU
		{7B2B73D7-168F-4A63-9D91-54F5E576F594}.Debug|Any CPU.Build.0 = Debug|Any CPU
		{7B2B73D7-168F-4A63-9D91-54F5E576F594}.Debug|x64.ActiveCfg = Debug|Any CPU
		{7B2B73D7-168F-4A63-9D91-54F5E576F594}.Debug|x64.Build.0 = Debug|Any CPU
		{7B2B73D7-168F-4A63-9D91-54F5E576F594}.Debug|x86.ActiveCfg = Debug|x86
		{7B2B73D7-168F-4A63-9D91-54F5E576F594}.Debug|x86.Build.0 = Debug|x86
		{7B2B73D7-168F-4A63-9D91-54F5E576F594}.Release|Any CPU.ActiveCfg = Release|Any CPU
		{7B2B73D7-168F-4A63-9D91-54F5E576F594}.Release|Any CPU.Build.0 = Release|Any CPU
		{7B2B73D7-168F-4A63-9D91-54F5E576F594}.Release|x64.ActiveCfg = Release|Any CPU
		{7B2B73D7-168F-4A63-9D91-54F5E576F594}.Release|x64.Build.0 = Release|Any CPU
		{7B2B73D7-168F-4A63-9D91-54F5E576F594}.Release|x86.ActiveCfg = Release|Any CPU
		{7B2B73D7-168F-4A63-9D91-54F5E576F594}.Release|x86.Build.0 = Release|Any CPU
		{0E36A826-7715-4845-BD9C-ABF394BD6679}.Debug|Any CPU.ActiveCfg = Debug|Any CPU
		{0E36A826-7715-4845-BD9C-ABF394BD6679}.Debug|Any CPU.Build.0 = Debug|Any CPU
		{0E36A826-7715-4845-BD9C-ABF394BD6679}.Debug|x64.ActiveCfg = Debug|Any CPU
		{0E36A826-7715-4845-BD9C-ABF394BD6679}.Debug|x64.Build.0 = Debug|Any CPU
		{0E36A826-7715-4845-BD9C-ABF394BD6679}.Debug|x86.ActiveCfg = Debug|x86
		{0E36A826-7715-4845-BD9C-ABF394BD6679}.Debug|x86.Build.0 = Debug|x86
		{0E36A826-7715-4845-BD9C-ABF394BD6679}.Release|Any CPU.ActiveCfg = Release|Any CPU
		{0E36A826-7715-4845-BD9C-ABF394BD6679}.Release|Any CPU.Build.0 = Release|Any CPU
		{0E36A826-7715-4845-BD9C-ABF394BD6679}.Release|x64.ActiveCfg = Release|Any CPU
		{0E36A826-7715-4845-BD9C-ABF394BD6679}.Release|x64.Build.0 = Release|Any CPU
		{0E36A826-7715-4845-BD9C-ABF394BD6679}.Release|x86.ActiveCfg = Release|Any CPU
		{0E36A826-7715-4845-BD9C-ABF394BD6679}.Release|x86.Build.0 = Release|Any CPU
		{B4BC807B-7D87-4DCB-ABC0-3A34EDE3825A}.Debug|Any CPU.ActiveCfg = Debug|Any CPU
		{B4BC807B-7D87-4DCB-ABC0-3A34EDE3825A}.Debug|Any CPU.Build.0 = Debug|Any CPU
		{B4BC807B-7D87-4DCB-ABC0-3A34EDE3825A}.Debug|x64.ActiveCfg = Debug|Any CPU
		{B4BC807B-7D87-4DCB-ABC0-3A34EDE3825A}.Debug|x64.Build.0 = Debug|Any CPU
		{B4BC807B-7D87-4DCB-ABC0-3A34EDE3825A}.Debug|x86.ActiveCfg = Debug|x86
		{B4BC807B-7D87-4DCB-ABC0-3A34EDE3825A}.Debug|x86.Build.0 = Debug|x86
		{B4BC807B-7D87-4DCB-ABC0-3A34EDE3825A}.Release|Any CPU.ActiveCfg = Release|Any CPU
		{B4BC807B-7D87-4DCB-ABC0-3A34EDE3825A}.Release|Any CPU.Build.0 = Release|Any CPU
		{B4BC807B-7D87-4DCB-ABC0-3A34EDE3825A}.Release|x64.ActiveCfg = Release|Any CPU
		{B4BC807B-7D87-4DCB-ABC0-3A34EDE3825A}.Release|x64.Build.0 = Release|Any CPU
		{B4BC807B-7D87-4DCB-ABC0-3A34EDE3825A}.Release|x86.ActiveCfg = Release|Any CPU
		{B4BC807B-7D87-4DCB-ABC0-3A34EDE3825A}.Release|x86.Build.0 = Release|Any CPU
		{13FE0BB4-C86B-433C-ADEC-40082AC3424F}.Debug|Any CPU.ActiveCfg = Debug|Any CPU
		{13FE0BB4-C86B-433C-ADEC-40082AC3424F}.Debug|Any CPU.Build.0 = Debug|Any CPU
		{13FE0BB4-C86B-433C-ADEC-40082AC3424F}.Debug|x64.ActiveCfg = Debug|Any CPU
		{13FE0BB4-C86B-433C-ADEC-40082AC3424F}.Debug|x64.Build.0 = Debug|Any CPU
		{13FE0BB4-C86B-433C-ADEC-40082AC3424F}.Debug|x86.ActiveCfg = Debug|x86
		{13FE0BB4-C86B-433C-ADEC-40082AC3424F}.Debug|x86.Build.0 = Debug|x86
		{13FE0BB4-C86B-433C-ADEC-40082AC3424F}.Release|Any CPU.ActiveCfg = Release|Any CPU
		{13FE0BB4-C86B-433C-ADEC-40082AC3424F}.Release|Any CPU.Build.0 = Release|Any CPU
		{13FE0BB4-C86B-433C-ADEC-40082AC3424F}.Release|x64.ActiveCfg = Release|Any CPU
		{13FE0BB4-C86B-433C-ADEC-40082AC3424F}.Release|x64.Build.0 = Release|Any CPU
		{13FE0BB4-C86B-433C-ADEC-40082AC3424F}.Release|x86.ActiveCfg = Release|x86
		{13FE0BB4-C86B-433C-ADEC-40082AC3424F}.Release|x86.Build.0 = Release|x86
		{E2442901-EEB6-44AF-934F-B64DF96FAEBD}.Debug|Any CPU.ActiveCfg = Debug|Any CPU
		{E2442901-EEB6-44AF-934F-B64DF96FAEBD}.Debug|Any CPU.Build.0 = Debug|Any CPU
		{E2442901-EEB6-44AF-934F-B64DF96FAEBD}.Debug|x64.ActiveCfg = Debug|x64
		{E2442901-EEB6-44AF-934F-B64DF96FAEBD}.Debug|x64.Build.0 = Debug|x64
		{E2442901-EEB6-44AF-934F-B64DF96FAEBD}.Debug|x86.ActiveCfg = Debug|x86
		{E2442901-EEB6-44AF-934F-B64DF96FAEBD}.Debug|x86.Build.0 = Debug|x86
		{E2442901-EEB6-44AF-934F-B64DF96FAEBD}.Release|Any CPU.ActiveCfg = Release|Any CPU
		{E2442901-EEB6-44AF-934F-B64DF96FAEBD}.Release|Any CPU.Build.0 = Release|Any CPU
		{E2442901-EEB6-44AF-934F-B64DF96FAEBD}.Release|x64.ActiveCfg = Release|x64
		{E2442901-EEB6-44AF-934F-B64DF96FAEBD}.Release|x64.Build.0 = Release|x64
		{E2442901-EEB6-44AF-934F-B64DF96FAEBD}.Release|x86.ActiveCfg = Release|x86
		{E2442901-EEB6-44AF-934F-B64DF96FAEBD}.Release|x86.Build.0 = Release|x86
		{E8266244-459D-4218-9C2C-454EA4BDABFA}.Debug|Any CPU.ActiveCfg = Debug|Any CPU
		{E8266244-459D-4218-9C2C-454EA4BDABFA}.Debug|Any CPU.Build.0 = Debug|Any CPU
		{E8266244-459D-4218-9C2C-454EA4BDABFA}.Debug|x64.ActiveCfg = Debug|Any CPU
		{E8266244-459D-4218-9C2C-454EA4BDABFA}.Debug|x64.Build.0 = Debug|Any CPU
		{E8266244-459D-4218-9C2C-454EA4BDABFA}.Debug|x86.ActiveCfg = Debug|Any CPU
		{E8266244-459D-4218-9C2C-454EA4BDABFA}.Debug|x86.Build.0 = Debug|Any CPU
		{E8266244-459D-4218-9C2C-454EA4BDABFA}.Release|Any CPU.ActiveCfg = Release|Any CPU
		{E8266244-459D-4218-9C2C-454EA4BDABFA}.Release|Any CPU.Build.0 = Release|Any CPU
		{E8266244-459D-4218-9C2C-454EA4BDABFA}.Release|x64.ActiveCfg = Release|Any CPU
		{E8266244-459D-4218-9C2C-454EA4BDABFA}.Release|x64.Build.0 = Release|Any CPU
		{E8266244-459D-4218-9C2C-454EA4BDABFA}.Release|x86.ActiveCfg = Release|Any CPU
		{E8266244-459D-4218-9C2C-454EA4BDABFA}.Release|x86.Build.0 = Release|Any CPU
		{9A0445FE-E59D-4CBB-BFFE-52990F2E328A}.Debug|Any CPU.ActiveCfg = Debug|Any CPU
		{9A0445FE-E59D-4CBB-BFFE-52990F2E328A}.Debug|Any CPU.Build.0 = Debug|Any CPU
		{9A0445FE-E59D-4CBB-BFFE-52990F2E328A}.Debug|x64.ActiveCfg = Debug|Any CPU
		{9A0445FE-E59D-4CBB-BFFE-52990F2E328A}.Debug|x64.Build.0 = Debug|Any CPU
		{9A0445FE-E59D-4CBB-BFFE-52990F2E328A}.Debug|x86.ActiveCfg = Debug|Any CPU
		{9A0445FE-E59D-4CBB-BFFE-52990F2E328A}.Debug|x86.Build.0 = Debug|Any CPU
		{9A0445FE-E59D-4CBB-BFFE-52990F2E328A}.Release|Any CPU.ActiveCfg = Release|Any CPU
		{9A0445FE-E59D-4CBB-BFFE-52990F2E328A}.Release|Any CPU.Build.0 = Release|Any CPU
		{9A0445FE-E59D-4CBB-BFFE-52990F2E328A}.Release|x64.ActiveCfg = Release|Any CPU
		{9A0445FE-E59D-4CBB-BFFE-52990F2E328A}.Release|x64.Build.0 = Release|Any CPU
		{9A0445FE-E59D-4CBB-BFFE-52990F2E328A}.Release|x86.ActiveCfg = Release|Any CPU
		{9A0445FE-E59D-4CBB-BFFE-52990F2E328A}.Release|x86.Build.0 = Release|Any CPU
		{D7F5CB4D-D9DA-4B17-8661-771A9A005FD8}.Debug|Any CPU.ActiveCfg = Debug|Any CPU
		{D7F5CB4D-D9DA-4B17-8661-771A9A005FD8}.Debug|Any CPU.Build.0 = Debug|Any CPU
		{D7F5CB4D-D9DA-4B17-8661-771A9A005FD8}.Debug|x64.ActiveCfg = Debug|Any CPU
		{D7F5CB4D-D9DA-4B17-8661-771A9A005FD8}.Debug|x64.Build.0 = Debug|Any CPU
		{D7F5CB4D-D9DA-4B17-8661-771A9A005FD8}.Debug|x86.ActiveCfg = Debug|Any CPU
		{D7F5CB4D-D9DA-4B17-8661-771A9A005FD8}.Debug|x86.Build.0 = Debug|Any CPU
		{D7F5CB4D-D9DA-4B17-8661-771A9A005FD8}.Release|Any CPU.ActiveCfg = Release|Any CPU
		{D7F5CB4D-D9DA-4B17-8661-771A9A005FD8}.Release|Any CPU.Build.0 = Release|Any CPU
		{D7F5CB4D-D9DA-4B17-8661-771A9A005FD8}.Release|x64.ActiveCfg = Release|Any CPU
		{D7F5CB4D-D9DA-4B17-8661-771A9A005FD8}.Release|x64.Build.0 = Release|Any CPU
		{D7F5CB4D-D9DA-4B17-8661-771A9A005FD8}.Release|x86.ActiveCfg = Release|Any CPU
		{D7F5CB4D-D9DA-4B17-8661-771A9A005FD8}.Release|x86.Build.0 = Release|Any CPU
		{C72E587A-3D3F-4DF3-9B2C-CEE2620185F6}.Debug|Any CPU.ActiveCfg = Debug|Any CPU
		{C72E587A-3D3F-4DF3-9B2C-CEE2620185F6}.Debug|Any CPU.Build.0 = Debug|Any CPU
		{C72E587A-3D3F-4DF3-9B2C-CEE2620185F6}.Debug|x64.ActiveCfg = Debug|Any CPU
		{C72E587A-3D3F-4DF3-9B2C-CEE2620185F6}.Debug|x64.Build.0 = Debug|Any CPU
		{C72E587A-3D3F-4DF3-9B2C-CEE2620185F6}.Debug|x86.ActiveCfg = Debug|Any CPU
		{C72E587A-3D3F-4DF3-9B2C-CEE2620185F6}.Debug|x86.Build.0 = Debug|Any CPU
		{C72E587A-3D3F-4DF3-9B2C-CEE2620185F6}.Release|Any CPU.ActiveCfg = Release|Any CPU
		{C72E587A-3D3F-4DF3-9B2C-CEE2620185F6}.Release|Any CPU.Build.0 = Release|Any CPU
		{C72E587A-3D3F-4DF3-9B2C-CEE2620185F6}.Release|x64.ActiveCfg = Release|Any CPU
		{C72E587A-3D3F-4DF3-9B2C-CEE2620185F6}.Release|x64.Build.0 = Release|Any CPU
		{C72E587A-3D3F-4DF3-9B2C-CEE2620185F6}.Release|x86.ActiveCfg = Release|Any CPU
		{C72E587A-3D3F-4DF3-9B2C-CEE2620185F6}.Release|x86.Build.0 = Release|Any CPU
		{239C6C13-A26B-46B5-8DF2-3C4D4D0CA15D}.Debug|Any CPU.ActiveCfg = Debug|x86
		{239C6C13-A26B-46B5-8DF2-3C4D4D0CA15D}.Debug|x64.ActiveCfg = Debug|x86
		{239C6C13-A26B-46B5-8DF2-3C4D4D0CA15D}.Debug|x86.ActiveCfg = Debug|x86
		{239C6C13-A26B-46B5-8DF2-3C4D4D0CA15D}.Debug|x86.Build.0 = Debug|x86
		{239C6C13-A26B-46B5-8DF2-3C4D4D0CA15D}.Release|Any CPU.ActiveCfg = Release|x86
		{239C6C13-A26B-46B5-8DF2-3C4D4D0CA15D}.Release|x64.ActiveCfg = Release|x86
		{239C6C13-A26B-46B5-8DF2-3C4D4D0CA15D}.Release|x86.ActiveCfg = Release|x86
		{239C6C13-A26B-46B5-8DF2-3C4D4D0CA15D}.Release|x86.Build.0 = Release|x86
		{65A2420D-351F-4555-9F89-94059164DE2D}.Debug|Any CPU.ActiveCfg = Debug|Any CPU
		{65A2420D-351F-4555-9F89-94059164DE2D}.Debug|Any CPU.Build.0 = Debug|Any CPU
		{65A2420D-351F-4555-9F89-94059164DE2D}.Debug|x64.ActiveCfg = Debug|Any CPU
		{65A2420D-351F-4555-9F89-94059164DE2D}.Debug|x64.Build.0 = Debug|Any CPU
		{65A2420D-351F-4555-9F89-94059164DE2D}.Debug|x86.ActiveCfg = Debug|Any CPU
		{65A2420D-351F-4555-9F89-94059164DE2D}.Debug|x86.Build.0 = Debug|Any CPU
		{65A2420D-351F-4555-9F89-94059164DE2D}.Release|Any CPU.ActiveCfg = Release|Any CPU
		{65A2420D-351F-4555-9F89-94059164DE2D}.Release|Any CPU.Build.0 = Release|Any CPU
		{65A2420D-351F-4555-9F89-94059164DE2D}.Release|x64.ActiveCfg = Release|Any CPU
		{65A2420D-351F-4555-9F89-94059164DE2D}.Release|x64.Build.0 = Release|Any CPU
		{65A2420D-351F-4555-9F89-94059164DE2D}.Release|x86.ActiveCfg = Release|Any CPU
		{65A2420D-351F-4555-9F89-94059164DE2D}.Release|x86.Build.0 = Release|Any CPU
		{51FAB82B-AEDC-42A4-B9FB-04BFE5ADB22D}.Debug|Any CPU.ActiveCfg = Debug|Any CPU
		{51FAB82B-AEDC-42A4-B9FB-04BFE5ADB22D}.Debug|Any CPU.Build.0 = Debug|Any CPU
		{51FAB82B-AEDC-42A4-B9FB-04BFE5ADB22D}.Debug|x64.ActiveCfg = Debug|Any CPU
		{51FAB82B-AEDC-42A4-B9FB-04BFE5ADB22D}.Debug|x64.Build.0 = Debug|Any CPU
		{51FAB82B-AEDC-42A4-B9FB-04BFE5ADB22D}.Debug|x86.ActiveCfg = Debug|Any CPU
		{51FAB82B-AEDC-42A4-B9FB-04BFE5ADB22D}.Debug|x86.Build.0 = Debug|Any CPU
		{51FAB82B-AEDC-42A4-B9FB-04BFE5ADB22D}.Release|Any CPU.ActiveCfg = Release|Any CPU
		{51FAB82B-AEDC-42A4-B9FB-04BFE5ADB22D}.Release|Any CPU.Build.0 = Release|Any CPU
		{51FAB82B-AEDC-42A4-B9FB-04BFE5ADB22D}.Release|x64.ActiveCfg = Release|Any CPU
		{51FAB82B-AEDC-42A4-B9FB-04BFE5ADB22D}.Release|x64.Build.0 = Release|Any CPU
		{51FAB82B-AEDC-42A4-B9FB-04BFE5ADB22D}.Release|x86.ActiveCfg = Release|Any CPU
		{51FAB82B-AEDC-42A4-B9FB-04BFE5ADB22D}.Release|x86.Build.0 = Release|Any CPU
	EndGlobalSection
	GlobalSection(SolutionProperties) = preSolution
		HideSolutionNode = FALSE
	EndGlobalSection
	GlobalSection(ExtensibilityGlobals) = postSolution
		SolutionGuid = {5B381FBB-E2C6-4D5B-B150-D59D2954EB7E}
	EndGlobalSection
EndGlobal
